// !$*UTF8*$!
{
	archiveVersion = 1;
	classes = {
	};
	objectVersion = 46;
	objects = {

/* Begin PBXBuildFile section */
		D53177401F47AAF5003954B5 /* viewer.cpp in Sources */ = {isa = PBXBuildFile; fileRef = D531773E1F47AAF5003954B5 /* viewer.cpp */; };
		D59732AF1F476D1800137847 /* main.cpp in Sources */ = {isa = PBXBuildFile; fileRef = D59732AE1F476D1800137847 /* main.cpp */; };
		D59732B71F476D3200137847 /* model.cpp in Sources */ = {isa = PBXBuildFile; fileRef = D59732B51F476D3200137847 /* model.cpp */; };
		D59732BD1F476D5900137847 /* shader.cpp in Sources */ = {isa = PBXBuildFile; fileRef = D59732BB1F476D5900137847 /* shader.cpp */; };
		D59732C01F476D8800137847 /* camera.cpp in Sources */ = {isa = PBXBuildFile; fileRef = D59732BE1F476D8800137847 /* camera.cpp */; };
		D59732C41F476DB100137847 /* controls.cpp in Sources */ = {isa = PBXBuildFile; fileRef = D59732C21F476DB100137847 /* controls.cpp */; };
		D5D3052C1F499ECF00862EAB /* timer.cpp in Sources */ = {isa = PBXBuildFile; fileRef = D5D3052A1F499ECF00862EAB /* timer.cpp */; };
/* End PBXBuildFile section */

/* Begin PBXCopyFilesBuildPhase section */
		D59732A91F476D1800137847 /* CopyFiles */ = {
			isa = PBXCopyFilesBuildPhase;
			buildActionMask = 2147483647;
			dstPath = /usr/share/man/man1/;
			dstSubfolderSpec = 0;
			files = (
			);
			runOnlyForDeploymentPostprocessing = 1;
		};
/* End PBXCopyFilesBuildPhase section */

/* Begin PBXFileReference section */
		D531773E1F47AAF5003954B5 /* viewer.cpp */ = {isa = PBXFileReference; fileEncoding = 4; lastKnownFileType = sourcecode.cpp.cpp; path = viewer.cpp; sourceTree = "<group>"; };
		D531773F1F47AAF5003954B5 /* viewer.hpp */ = {isa = PBXFileReference; fileEncoding = 4; lastKnownFileType = sourcecode.cpp.h; path = viewer.hpp; sourceTree = "<group>"; };
		D53177521F47BB5C003954B5 /* khrplatform.h */ = {isa = PBXFileReference; lastKnownFileType = sourcecode.c.h; path = khrplatform.h; sourceTree = "<group>"; };
		D53177531F47BB5C003954B5 /* stb_image.h */ = {isa = PBXFileReference; lastKnownFileType = sourcecode.c.h; path = stb_image.h; sourceTree = "<group>"; };
		D59732AB1F476D1800137847 /* prototyper */ = {isa = PBXFileReference; explicitFileType = "compiled.mach-o.executable"; includeInIndex = 0; path = prototyper; sourceTree = BUILT_PRODUCTS_DIR; };
		D59732AE1F476D1800137847 /* main.cpp */ = {isa = PBXFileReference; lastKnownFileType = sourcecode.cpp.cpp; path = main.cpp; sourceTree = "<group>"; };
		D59732B51F476D3200137847 /* model.cpp */ = {isa = PBXFileReference; fileEncoding = 4; lastKnownFileType = sourcecode.cpp.cpp; path = model.cpp; sourceTree = "<group>"; };
		D59732B61F476D3200137847 /* model.hpp */ = {isa = PBXFileReference; fileEncoding = 4; lastKnownFileType = sourcecode.cpp.h; path = model.hpp; sourceTree = "<group>"; };
		D59732BB1F476D5900137847 /* shader.cpp */ = {isa = PBXFileReference; fileEncoding = 4; lastKnownFileType = sourcecode.cpp.cpp; path = shader.cpp; sourceTree = "<group>"; };
		D59732BC1F476D5900137847 /* shader.hpp */ = {isa = PBXFileReference; fileEncoding = 4; lastKnownFileType = sourcecode.cpp.h; path = shader.hpp; sourceTree = "<group>"; };
		D59732BE1F476D8800137847 /* camera.cpp */ = {isa = PBXFileReference; fileEncoding = 4; lastKnownFileType = sourcecode.cpp.cpp; path = camera.cpp; sourceTree = "<group>"; };
		D59732BF1F476D8800137847 /* camera.hpp */ = {isa = PBXFileReference; fileEncoding = 4; lastKnownFileType = sourcecode.cpp.h; path = camera.hpp; sourceTree = "<group>"; };
		D59732C21F476DB100137847 /* controls.cpp */ = {isa = PBXFileReference; fileEncoding = 4; lastKnownFileType = sourcecode.cpp.cpp; path = controls.cpp; sourceTree = "<group>"; };
		D59732C31F476DB100137847 /* controls.hpp */ = {isa = PBXFileReference; fileEncoding = 4; lastKnownFileType = sourcecode.cpp.h; path = controls.hpp; sourceTree = "<group>"; };
		D5D131181F489E78004752A4 /* vShader.glsl */ = {isa = PBXFileReference; fileEncoding = 4; lastKnownFileType = text; name = vShader.glsl; path = shaders/vShader.glsl; sourceTree = "<group>"; };
		D5D131191F489E87004752A4 /* fShader.glsl */ = {isa = PBXFileReference; fileEncoding = 4; lastKnownFileType = text; name = fShader.glsl; path = shaders/fShader.glsl; sourceTree = "<group>"; };
		D5D305291F4995C700862EAB /* tiny_obj_loader.h */ = {isa = PBXFileReference; fileEncoding = 4; lastKnownFileType = sourcecode.c.h; path = tiny_obj_loader.h; sourceTree = "<group>"; };
		D5D3052A1F499ECF00862EAB /* timer.cpp */ = {isa = PBXFileReference; fileEncoding = 4; lastKnownFileType = sourcecode.cpp.cpp; path = timer.cpp; sourceTree = "<group>"; };
		D5D3052B1F499ECF00862EAB /* timer.hpp */ = {isa = PBXFileReference; fileEncoding = 4; lastKnownFileType = sourcecode.cpp.h; path = timer.hpp; sourceTree = "<group>"; };
/* End PBXFileReference section */

/* Begin PBXFrameworksBuildPhase section */
		D59732A81F476D1800137847 /* Frameworks */ = {
			isa = PBXFrameworksBuildPhase;
			buildActionMask = 2147483647;
			files = (
			);
			runOnlyForDeploymentPostprocessing = 0;
		};
/* End PBXFrameworksBuildPhase section */

/* Begin PBXGroup section */
		D53177451F47B1BC003954B5 /* headers */ = {
			isa = PBXGroup;
			children = (
				D5D3052B1F499ECF00862EAB /* timer.hpp */,
				D59732BF1F476D8800137847 /* camera.hpp */,
				D59732C31F476DB100137847 /* controls.hpp */,
				D59732B61F476D3200137847 /* model.hpp */,
				D59732BC1F476D5900137847 /* shader.hpp */,
				D531773F1F47AAF5003954B5 /* viewer.hpp */,
			);
			name = headers;
			path = prototyper;
			sourceTree = "<group>";
		};
		D531774E1F47BB5C003954B5 /* include */ = {
			isa = PBXGroup;
			children = (
				D5D305291F4995C700862EAB /* tiny_obj_loader.h */,
				D53177511F47BB5C003954B5 /* KHR */,
				D53177531F47BB5C003954B5 /* stb_image.h */,
			);
			path = include;
			sourceTree = "<group>";
		};
		D53177511F47BB5C003954B5 /* KHR */ = {
			isa = PBXGroup;
			children = (
				D53177521F47BB5C003954B5 /* khrplatform.h */,
			);
			path = KHR;
			sourceTree = "<group>";
		};
		D59732A21F476D1800137847 = {
			isa = PBXGroup;
			children = (
				D531774E1F47BB5C003954B5 /* include */,
				D59732C61F476E2B00137847 /* assets */,
				D59732C51F476E1200137847 /* shaders */,
				D53177451F47B1BC003954B5 /* headers */,
				D59732AD1F476D1800137847 /* source */,
				D59732AC1F476D1800137847 /* Products */,
			);
			sourceTree = "<group>";
		};
		D59732AC1F476D1800137847 /* Products */ = {
			isa = PBXGroup;
			children = (
				D59732AB1F476D1800137847 /* prototyper */,
			);
			name = Products;
			sourceTree = "<group>";
		};
		D59732AD1F476D1800137847 /* source */ = {
			isa = PBXGroup;
			children = (
				D59732AE1F476D1800137847 /* main.cpp */,
				D59732BE1F476D8800137847 /* camera.cpp */,
				D59732C21F476DB100137847 /* controls.cpp */,
				D59732B51F476D3200137847 /* model.cpp */,
				D59732BB1F476D5900137847 /* shader.cpp */,
				D531773E1F47AAF5003954B5 /* viewer.cpp */,
				D5D3052A1F499ECF00862EAB /* timer.cpp */,
			);
			name = source;
			path = prototyper;
			sourceTree = "<group>";
		};
		D59732C51F476E1200137847 /* shaders */ = {
			isa = PBXGroup;
			children = (
				D5D131181F489E78004752A4 /* vShader.glsl */,
				D5D131191F489E87004752A4 /* fShader.glsl */,
			);
			name = shaders;
			sourceTree = "<group>";
		};
		D59732C61F476E2B00137847 /* assets */ = {
			isa = PBXGroup;
			children = (
				D59732C71F476E3400137847 /* models */,
			);
			name = assets;
			sourceTree = "<group>";
		};
		D59732C71F476E3400137847 /* models */ = {
			isa = PBXGroup;
			children = (
			);
			name = models;
			sourceTree = "<group>";
		};
/* End PBXGroup section */

/* Begin PBXNativeTarget section */
		D59732AA1F476D1800137847 /* prototyper */ = {
			isa = PBXNativeTarget;
			buildConfigurationList = D59732B21F476D1800137847 /* Build configuration list for PBXNativeTarget "prototyper" */;
			buildPhases = (
				D59732A71F476D1800137847 /* Sources */,
				D59732A81F476D1800137847 /* Frameworks */,
				D59732A91F476D1800137847 /* CopyFiles */,
			);
			buildRules = (
			);
			dependencies = (
			);
			name = prototyper;
			productName = prototyper;
			productReference = D59732AB1F476D1800137847 /* prototyper */;
			productType = "com.apple.product-type.tool";
		};
/* End PBXNativeTarget section */

/* Begin PBXProject section */
		D59732A31F476D1800137847 /* Project object */ = {
			isa = PBXProject;
			attributes = {
				LastUpgradeCheck = 0830;
				ORGANIZATIONNAME = "Marcus Gursch";
				TargetAttributes = {
					D59732AA1F476D1800137847 = {
						CreatedOnToolsVersion = 8.3.3;
						ProvisioningStyle = Automatic;
					};
				};
			};
			buildConfigurationList = D59732A61F476D1800137847 /* Build configuration list for PBXProject "prototyper" */;
			compatibilityVersion = "Xcode 3.2";
			developmentRegion = English;
			hasScannedForEncodings = 0;
			knownRegions = (
				en,
			);
			mainGroup = D59732A21F476D1800137847;
			productRefGroup = D59732AC1F476D1800137847 /* Products */;
			projectDirPath = "";
			projectRoot = "";
			targets = (
				D59732AA1F476D1800137847 /* prototyper */,
			);
		};
/* End PBXProject section */

/* Begin PBXSourcesBuildPhase section */
		D59732A71F476D1800137847 /* Sources */ = {
			isa = PBXSourcesBuildPhase;
			buildActionMask = 2147483647;
			files = (
				D5D3052C1F499ECF00862EAB /* timer.cpp in Sources */,
				D59732AF1F476D1800137847 /* main.cpp in Sources */,
				D59732B71F476D3200137847 /* model.cpp in Sources */,
				D59732BD1F476D5900137847 /* shader.cpp in Sources */,
				D59732C01F476D8800137847 /* camera.cpp in Sources */,
				D53177401F47AAF5003954B5 /* viewer.cpp in Sources */,
				D59732C41F476DB100137847 /* controls.cpp in Sources */,
			);
			runOnlyForDeploymentPostprocessing = 0;
		};
/* End PBXSourcesBuildPhase section */

/* Begin XCBuildConfiguration section */
		D59732B01F476D1800137847 /* Debug */ = {
			isa = XCBuildConfiguration;
			buildSettings = {
				ALWAYS_SEARCH_USER_PATHS = NO;
				CLANG_ANALYZER_NONNULL = YES;
				CLANG_ANALYZER_NUMBER_OBJECT_CONVERSION = YES_AGGRESSIVE;
				CLANG_CXX_LANGUAGE_STANDARD = "gnu++0x";
				CLANG_CXX_LIBRARY = "libc++";
				CLANG_ENABLE_MODULES = YES;
				CLANG_ENABLE_OBJC_ARC = YES;
				CLANG_WARN_BOOL_CONVERSION = YES;
				CLANG_WARN_CONSTANT_CONVERSION = YES;
				CLANG_WARN_DIRECT_OBJC_ISA_USAGE = YES_ERROR;
				CLANG_WARN_DOCUMENTATION_COMMENTS = YES;
				CLANG_WARN_EMPTY_BODY = YES;
				CLANG_WARN_ENUM_CONVERSION = YES;
				CLANG_WARN_INFINITE_RECURSION = YES;
				CLANG_WARN_INT_CONVERSION = YES;
				CLANG_WARN_OBJC_ROOT_CLASS = YES_ERROR;
				CLANG_WARN_SUSPICIOUS_MOVE = YES;
				CLANG_WARN_UNREACHABLE_CODE = YES;
				CLANG_WARN__DUPLICATE_METHOD_MATCH = YES;
				CODE_SIGN_IDENTITY = "-";
				COPY_PHASE_STRIP = NO;
				DEBUG_INFORMATION_FORMAT = dwarf;
				ENABLE_STRICT_OBJC_MSGSEND = YES;
				ENABLE_TESTABILITY = YES;
				GCC_C_LANGUAGE_STANDARD = gnu99;
				GCC_DYNAMIC_NO_PIC = NO;
				GCC_NO_COMMON_BLOCKS = YES;
				GCC_OPTIMIZATION_LEVEL = 0;
				GCC_PREPROCESSOR_DEFINITIONS = (
					"DEBUG=1",
					"$(inherited)",
				);
				GCC_WARN_64_TO_32_BIT_CONVERSION = YES;
				GCC_WARN_ABOUT_RETURN_TYPE = YES_ERROR;
				GCC_WARN_UNDECLARED_SELECTOR = YES;
				GCC_WARN_UNINITIALIZED_AUTOS = YES_AGGRESSIVE;
				GCC_WARN_UNUSED_FUNCTION = YES;
				GCC_WARN_UNUSED_VARIABLE = YES;
				HEADER_SEARCH_PATHS = (
					.,
					"../../**",
					/usr/local/include,
					/usr/local/Cellar/,
				);
				KEEP_PRIVATE_EXTERNS = NO;
				LD_QUOTE_LINKER_ARGUMENTS_FOR_COMPILER_DRIVER = YES;
				LIBRARY_SEARCH_PATHS = /usr/local/lib;
				MACOSX_DEPLOYMENT_TARGET = 10.12;
				MTL_ENABLE_DEBUG_INFO = YES;
				ONLY_ACTIVE_ARCH = YES;
				OTHER_LDFLAGS = (
					"-lglbinding",
					"-lglfw",
					"-lassimp",
					"-framework",
					Cocoa,
					"-framework",
					IOKit,
					"-framework",
					CoreVideo,
					"-framework",
					OpenGL,
				);
				PRODUCT_NAME = prototyper;
				SDKROOT = macosx;
			};
			name = Debug;
		};
		D59732B11F476D1800137847 /* Release */ = {
			isa = XCBuildConfiguration;
			buildSettings = {
				ALWAYS_SEARCH_USER_PATHS = NO;
				CLANG_ANALYZER_NONNULL = YES;
				CLANG_ANALYZER_NUMBER_OBJECT_CONVERSION = YES_AGGRESSIVE;
				CLANG_CXX_LANGUAGE_STANDARD = "gnu++0x";
				CLANG_CXX_LIBRARY = "libc++";
				CLANG_ENABLE_MODULES = YES;
				CLANG_ENABLE_OBJC_ARC = YES;
				CLANG_WARN_BOOL_CONVERSION = YES;
				CLANG_WARN_CONSTANT_CONVERSION = YES;
				CLANG_WARN_DIRECT_OBJC_ISA_USAGE = YES_ERROR;
				CLANG_WARN_DOCUMENTATION_COMMENTS = YES;
				CLANG_WARN_EMPTY_BODY = YES;
				CLANG_WARN_ENUM_CONVERSION = YES;
				CLANG_WARN_INFINITE_RECURSION = YES;
				CLANG_WARN_INT_CONVERSION = YES;
				CLANG_WARN_OBJC_ROOT_CLASS = YES_ERROR;
				CLANG_WARN_SUSPICIOUS_MOVE = YES;
				CLANG_WARN_UNREACHABLE_CODE = YES;
				CLANG_WARN__DUPLICATE_METHOD_MATCH = YES;
				CODE_SIGN_IDENTITY = "-";
				COPY_PHASE_STRIP = NO;
				DEBUG_INFORMATION_FORMAT = "dwarf-with-dsym";
				ENABLE_NS_ASSERTIONS = NO;
				ENABLE_STRICT_OBJC_MSGSEND = YES;
				GCC_C_LANGUAGE_STANDARD = gnu99;
				GCC_NO_COMMON_BLOCKS = YES;
				GCC_WARN_64_TO_32_BIT_CONVERSION = YES;
				GCC_WARN_ABOUT_RETURN_TYPE = YES_ERROR;
				GCC_WARN_UNDECLARED_SELECTOR = YES;
				GCC_WARN_UNINITIALIZED_AUTOS = YES_AGGRESSIVE;
				GCC_WARN_UNUSED_FUNCTION = YES;
				GCC_WARN_UNUSED_VARIABLE = YES;
				HEADER_SEARCH_PATHS = (
					.,
					"../../**",
					/usr/local/include,
					/usr/local/Cellar/,
				);
				KEEP_PRIVATE_EXTERNS = NO;
				LD_QUOTE_LINKER_ARGUMENTS_FOR_COMPILER_DRIVER = YES;
				LIBRARY_SEARCH_PATHS = /usr/local/lib;
				MACOSX_DEPLOYMENT_TARGET = 10.12;
				MTL_ENABLE_DEBUG_INFO = NO;
				OTHER_LDFLAGS = (
					"-lglbinding",
					"-lglfw",
					"-lassimp",
					"-framework",
					Cocoa,
					"-framework",
					IOKit,
					"-framework",
					CoreVideo,
					"-framework",
					OpenGL,
				);
				PRODUCT_NAME = prototyper;
				SDKROOT = macosx;
			};
			name = Release;
		};
		D59732B31F476D1800137847 /* Debug */ = {
			isa = XCBuildConfiguration;
			buildSettings = {
				HEADER_SEARCH_PATHS = (
					.,
					"../../**",
					/usr/local/include,
					/usr/local/Cellar/,
					"/usr/local/Cellar/glm/0.9.8.5/include/**",
				);
				PRODUCT_NAME = "$(TARGET_NAME)";
			};
			name = Debug;
		};
		D59732B41F476D1800137847 /* Release */ = {
			isa = XCBuildConfiguration;
			buildSettings = {
				HEADER_SEARCH_PATHS = (
					.,
					"../../**",
					/usr/local/include,
					/usr/local/Cellar/,
					"/usr/local/Cellar/glm/0.9.8.5/include/**",
				);
				PRODUCT_NAME = "$(TARGET_NAME)";
			};
			name = Release;
		};
/* End XCBuildConfiguration section */

/* Begin XCConfigurationList section */
		D59732A61F476D1800137847 /* Build configuration list for PBXProject "prototyper" */ = {
			isa = XCConfigurationList;
			buildConfigurations = (
				D59732B01F476D1800137847 /* Debug */,
				D59732B11F476D1800137847 /* Release */,
			);
			defaultConfigurationIsVisible = 0;
			defaultConfigurationName = Release;
		};
		D59732B21F476D1800137847 /* Build configuration list for PBXNativeTarget "prototyper" */ = {
			isa = XCConfigurationList;
			buildConfigurations = (
				D59732B31F476D1800137847 /* Debug */,
				D59732B41F476D1800137847 /* Release */,
			);
			defaultConfigurationIsVisible = 0;
			defaultConfigurationName = Release;
		};
/* End XCConfigurationList section */
	};
	rootObject = D59732A31F476D1800137847 /* Project object */;
}
